// !$*UTF8*$!
{
	archiveVersion = 1;
	classes = {
	};
	objectVersion = 77;
	objects = {

/* Begin PBXBuildFile section */
		020820603A9553D132F1CC71 /* PipYawn.png in Resources */ = {isa = PBXBuildFile; fileRef = A89A6DD8B2515A7607CE3D6E /* PipYawn.png */; };
		06FC20CEC3371C1E96F9C8D4 /* PebbleIdle.png in Resources */ = {isa = PBXBuildFile; fileRef = DF68D3E6C06EE82E98773EFC /* PebbleIdle.png */; };
		0B89C553C687BB59C975FB24 /* SettingsView.swift in Sources */ = {isa = PBXBuildFile; fileRef = C17DCB6D75C38ED7A8D7F400 /* SettingsView.swift */; };
		0ED43EB8C05BC1DFAC57BF8D /* MochiTurn.png in Resources */ = {isa = PBXBuildFile; fileRef = C75D6D6E611A6F5456311CE2 /* MochiTurn.png */; };
		110237E9CFAFA2EC4A6A0B67 /* NoriYawn.png in Resources */ = {isa = PBXBuildFile; fileRef = F172C9AA0FDBCC0595713DEE /* NoriYawn.png */; };
		121F1DF7C72336B8374CBB1F /* NoriJump.png in Resources */ = {isa = PBXBuildFile; fileRef = 231C641B775BD093DCD59D53 /* NoriJump.png */; };
		15ABAA98EEFE064894C5BBDD /* Models.swift in Sources */ = {isa = PBXBuildFile; fileRef = ED1EABA3FAFE7B4C6782C496 /* Models.swift */; };
		17449F9B5E58889738918175 /* SpriteCreatureView.swift in Sources */ = {isa = PBXBuildFile; fileRef = 8DF2EED38DEAB5FCEFF28631 /* SpriteCreatureView.swift */; };
		2317BB4426E03750AFF4ED52 /* ScoopDerp.png in Resources */ = {isa = PBXBuildFile; fileRef = D7902AB0A98398B70E8CB9DC /* ScoopDerp.png */; };
		2A5FB66A6FE9617268A0394E /* ScoopPaw.png in Resources */ = {isa = PBXBuildFile; fileRef = 9C595C20B162B6BFD7051DC7 /* ScoopPaw.png */; };
		2C8FD4124F84226BC6E7DF35 /* PipBlink.png in Resources */ = {isa = PBXBuildFile; fileRef = C137128418CEF474F943A584 /* PipBlink.png */; };
		2DACB90A5844EA4B41DFEA6B /* InkDerp.png in Resources */ = {isa = PBXBuildFile; fileRef = F0A93A743315E0DC98C7862F /* InkDerp.png */; };
		2F836CF9DA7E8ABA035A991E /* ScoopJump.png in Resources */ = {isa = PBXBuildFile; fileRef = 4A8AA891A15F5B069C12EF11 /* ScoopJump.png */; };
		3335319F2146D8928DFAADDD /* ButterIdle.png in Resources */ = {isa = PBXBuildFile; fileRef = EADC4E62EFB4B2B73A143555 /* ButterIdle.png */; };
		33E78C620C8702564060CFDB /* PurrfectFrameUITests.swift in Sources */ = {isa = PBXBuildFile; fileRef = 5855BC2830EFBCFB42EC7926 /* PurrfectFrameUITests.swift */; };
		3A8B4B97711D812DD4314221 /* Assets.xcassets in Resources */ = {isa = PBXBuildFile; fileRef = FA338D842577D93B903545A3 /* Assets.xcassets */; };
		3A93B8FFAA329F4555A3BABB /* ScoopIdle.png in Resources */ = {isa = PBXBuildFile; fileRef = 301374C9EF53B85C9CDCA70B /* ScoopIdle.png */; };
		3C0260B308DD172C070C5293 /* MochiDerp.png in Resources */ = {isa = PBXBuildFile; fileRef = B6A8452EB4256CC23CCECF1C /* MochiDerp.png */; };
		3DA8C30F140B420E7969B5A7 /* PebbleDerp.png in Resources */ = {isa = PBXBuildFile; fileRef = 50025CA7CD87B74C72233FC9 /* PebbleDerp.png */; };
		40B476B486FBF8EFACF53C64 /* Feedback.swift in Sources */ = {isa = PBXBuildFile; fileRef = 5B5C79FF91A198FFAACB50EA /* Feedback.swift */; };
		4321559361DDDF31863E17B8 /* PebbleBlink.png in Resources */ = {isa = PBXBuildFile; fileRef = 660898FF8EE5B496DA9A9F60 /* PebbleBlink.png */; };
		4FA3131F0C1E7F07DC673228 /* ButterBlink.png in Resources */ = {isa = PBXBuildFile; fileRef = A832AF65D745BE44742E9EFE /* ButterBlink.png */; };
		519D86E3DFC12AE8580924D7 /* WaddleJump.png in Resources */ = {isa = PBXBuildFile; fileRef = 2DA70E7E33B8C332FC54D26D /* WaddleJump.png */; };
		51E16BCE90415C7C7FF81315 /* InkBlink.png in Resources */ = {isa = PBXBuildFile; fileRef = 5FC8D64DF823DADBF49A133F /* InkBlink.png */; };
		5370C5B935E7F6EFF374DF61 /* ButterCover.png in Resources */ = {isa = PBXBuildFile; fileRef = 1A3C6C891C766F7A9AC1F757 /* ButterCover.png */; };
		54A6246DC218602F07AC8C16 /* StageView.swift in Sources */ = {isa = PBXBuildFile; fileRef = E8D890916CA015338518B7F6 /* StageView.swift */; };
		55C68C19F23A6F76C4A0DA29 /* NoriDerp.png in Resources */ = {isa = PBXBuildFile; fileRef = 162B7E34284E38726E5194F9 /* NoriDerp.png */; };
		57E8D6081E8135D1F2934CF0 /* AppModel.swift in Sources */ = {isa = PBXBuildFile; fileRef = EE6C508F07FCE73B44DC9E28 /* AppModel.swift */; };
		5859C76E449FC7AFDBBA1801 /* PebbleJump.png in Resources */ = {isa = PBXBuildFile; fileRef = 693D81C4489BE77DB8EA57C9 /* PebbleJump.png */; };
		5B8C9F11CC47C67509047134 /* WaddleIdle.png in Resources */ = {isa = PBXBuildFile; fileRef = 6FF17CBF7D1D4FCDE10BBB5C /* WaddleIdle.png */; };
		5C2F7FFB32FC50C555660ABB /* MochiPaw.png in Resources */ = {isa = PBXBuildFile; fileRef = EF833DFE3ABA24034AAAE209 /* MochiPaw.png */; };
		5C8E22F425DB6D72E7B0B5B5 /* Timeline.swift in Sources */ = {isa = PBXBuildFile; fileRef = FEA781D585370115C1D489E0 /* Timeline.swift */; };
		5D307E478AD2B950BBFB7C69 /* ScoopYawn.png in Resources */ = {isa = PBXBuildFile; fileRef = 1F4CEE98A3991444EFCFFC1F /* ScoopYawn.png */; };
		5D3A09679B5263EF3165A57C /* ShotEvaluator.swift in Sources */ = {isa = PBXBuildFile; fileRef = 13359F27FB2FBB6AFBCA4526 /* ShotEvaluator.swift */; };
		61DD484A07B4ECD62429B06C /* PebbleYawn.png in Resources */ = {isa = PBXBuildFile; fileRef = C534711704B0E87490238F3C /* PebbleYawn.png */; };
		7D0CEB27AC67489725F8DE2B /* WaddleBlink.png in Resources */ = {isa = PBXBuildFile; fileRef = FC67051974E84D050FA944B7 /* WaddleBlink.png */; };
		811240329E2004F0FFD759B2 /* InkYawn.png in Resources */ = {isa = PBXBuildFile; fileRef = 718D116DDD36D0A3B86E1AEA /* InkYawn.png */; };
		82DA096817B16C60754D7D8E /* WaddleYawn.png in Resources */ = {isa = PBXBuildFile; fileRef = BA284179A762E274F4CEE35D /* WaddleYawn.png */; };
		838F74B39F79B6B8CC1EF552 /* ButterPaw.png in Resources */ = {isa = PBXBuildFile; fileRef = E208C0831FB5862CAC69FB9D /* ButterPaw.png */; };
		860F98667C145F5B488F26FE /* WaddleTurn.png in Resources */ = {isa = PBXBuildFile; fileRef = 034A40F3DA397C2CE1CF7715 /* WaddleTurn.png */; };
		864105D045DF2F730C53549A /* InkJump.png in Resources */ = {isa = PBXBuildFile; fileRef = C38751A7F1D65041C1FC49BA /* InkJump.png */; };
		86B9C90EF474B93214957392 /* TimelineBuilderTests.swift in Sources */ = {isa = PBXBuildFile; fileRef = AEE244F1969844332A74E906 /* TimelineBuilderTests.swift */; };
		87C7774228E1EF5C5EE7EDA6 /* PurrfectFrameApp.swift in Sources */ = {isa = PBXBuildFile; fileRef = 73B77C08EC26AE6A38B8454C /* PurrfectFrameApp.swift */; };
		88AFDDFD14BCD8A7729CD9A2 /* InkIdle.png in Resources */ = {isa = PBXBuildFile; fileRef = 9D884FDD7204D85159AD67C7 /* InkIdle.png */; };
		8F61F0D2865E97CD8F510BD8 /* NoriPaw.png in Resources */ = {isa = PBXBuildFile; fileRef = A91942574C014BB8C7314FEB /* NoriPaw.png */; };
		8FC4C4F5E51FA8CCBE6F66FF /* Stores.swift in Sources */ = {isa = PBXBuildFile; fileRef = 378640160AF3F86E92AB9F61 /* Stores.swift */; };
		97F86C4D48A645C246D7881E /* PenguinFigure.swift in Sources */ = {isa = PBXBuildFile; fileRef = B7F062929007F4DD19672F02 /* PenguinFigure.swift */; };
		9B22A5F6FB81811E68EEA737 /* CameraPlayView.swift in Sources */ = {isa = PBXBuildFile; fileRef = E420B9BA476074D7C5D3D1FC /* CameraPlayView.swift */; };
		9BB1FEE8D7AA169C7CD3E0D3 /* WaddlePaw.png in Resources */ = {isa = PBXBuildFile; fileRef = E8269F407BACF10B61C4C3F5 /* WaddlePaw.png */; };
		A06D4A55D823170727E2213F /* ButterYawn.png in Resources */ = {isa = PBXBuildFile; fileRef = B2BC27CB05801FA059DB1917 /* ButterYawn.png */; };
		A47A30B58F3E9A99B8DF6C4D /* NoriCover.png in Resources */ = {isa = PBXBuildFile; fileRef = 3EEBCCB0AC55EC1FF5A6DF67 /* NoriCover.png */; };
		A5C47A5FA42261A76AB9474A /* MochiIdle.png in Resources */ = {isa = PBXBuildFile; fileRef = AD8567BE280AEACCC20C33AE /* MochiIdle.png */; };
		A6EE6E1EEA705A0A96A21E12 /* NoriIdle.png in Resources */ = {isa = PBXBuildFile; fileRef = 6613B569330F6A42A17FF213 /* NoriIdle.png */; };
		AD8D77750566507584FCDFE8 /* MochiJump.png in Resources */ = {isa = PBXBuildFile; fileRef = 38B7BE474B3E139676BED800 /* MochiJump.png */; };
		AF559C4F9D23F4B4EAA1F150 /* CollectionView.swift in Sources */ = {isa = PBXBuildFile; fileRef = EECC3FFC209EB47C1368C6F8 /* CollectionView.swift */; };
		B00D70CE5B3841AC746F87D1 /* InkCover.png in Resources */ = {isa = PBXBuildFile; fileRef = 04B9CDF3E54EA430EDF66DD9 /* InkCover.png */; };
		B5631E292BA4CDEF64EA74F5 /* InkPaw.png in Resources */ = {isa = PBXBuildFile; fileRef = CAAEF2213D576C01D41F1DFC /* InkPaw.png */; };
		B7B6A43ADB27460753308525 /* WaddleDerp.png in Resources */ = {isa = PBXBuildFile; fileRef = D01BD642B1C38CA92DDB7311 /* WaddleDerp.png */; };
		BE25964F69CCD969DA739A4E /* MochiYawn.png in Resources */ = {isa = PBXBuildFile; fileRef = 88C70D364AB33CD92AC77A4E /* MochiYawn.png */; };
		C0E8770346F759D2D901A4DB /* PipJump.png in Resources */ = {isa = PBXBuildFile; fileRef = 51F7D68574B0612885561629 /* PipJump.png */; };
		C3BDAFE781DF6DFB11F68011 /* PipDerp.png in Resources */ = {isa = PBXBuildFile; fileRef = C7C6F70251539C11C1D1BF3A /* PipDerp.png */; };
		C51F6AE13887E22721B5D34D /* PipTurn.png in Resources */ = {isa = PBXBuildFile; fileRef = D47F377DFCC6E6D3E8B83252 /* PipTurn.png */; };
		CCC5D21A55D026751187E1E3 /* InkTurn.png in Resources */ = {isa = PBXBuildFile; fileRef = 3B6828D738A77CA543687890 /* InkTurn.png */; };
		CF0993DDF1C186B9EB71E830 /* PrivacyInfo.xcprivacy in Resources */ = {isa = PBXBuildFile; fileRef = 5F92B975DF6FA01337468D3F /* PrivacyInfo.xcprivacy */; };
		D0A7ED06A2E811FA3D50C0FD /* CatFigure.swift in Sources */ = {isa = PBXBuildFile; fileRef = 3223D33387C1BF33945F1DF3 /* CatFigure.swift */; };
		D2CB87C96FE0EE5CBF9BD25C /* ButterDerp.png in Resources */ = {isa = PBXBuildFile; fileRef = E5631CFC6E7ACED99A907D8E /* ButterDerp.png */; };
		D9F7C0AA8E52D180AE9E3D36 /* PipPaw.png in Resources */ = {isa = PBXBuildFile; fileRef = F9CB8AB4D70823395C044D9F /* PipPaw.png */; };
		E4AB05C18F19147C754B89D2 /* PipIdle.png in Resources */ = {isa = PBXBuildFile; fileRef = 4FAC8D04D7B4406C16189F21 /* PipIdle.png */; };
		E4D80D7B51A2BE0D97ACD0EC /* PebblePaw.png in Resources */ = {isa = PBXBuildFile; fileRef = A8447844174E3EC4C5E4F2D3 /* PebblePaw.png */; };
		ED3840A051B7C54CC5AD47FF /* ScoopBlink.png in Resources */ = {isa = PBXBuildFile; fileRef = 7F4D7608BAFE49F417AA1398 /* ScoopBlink.png */; };
		EDE6AC39A128BA4F7DF5D278 /* ResultView.swift in Sources */ = {isa = PBXBuildFile; fileRef = F5E280A01527D7442E0EB4F8 /* ResultView.swift */; };
		EF8BD93353E66316DF1B7941 /* DesignSystem.swift in Sources */ = {isa = PBXBuildFile; fileRef = 465998243930BC724495162E /* DesignSystem.swift */; };
		EFA6E1CDBC35BFF81132EBBE /* PebbleTurn.png in Resources */ = {isa = PBXBuildFile; fileRef = 3A10D2B9E58E751EBA0ADB4C /* PebbleTurn.png */; };
		F05E2DF9C7C61A9C2A8AD536 /* WorldsView.swift in Sources */ = {isa = PBXBuildFile; fileRef = 583110A6C87AF74E51B16020 /* WorldsView.swift */; };
		F182CE8BAA7AF8504A479D69 /* NoriBlink.png in Resources */ = {isa = PBXBuildFile; fileRef = DC61EC79507D3D1CB1E68F9A /* NoriBlink.png */; };
		F47772E42F93E7A6798E0A55 /* NoriTurn.png in Resources */ = {isa = PBXBuildFile; fileRef = 7BF22E243E71AD2BAEAA394B /* NoriTurn.png */; };
		F8F9D0ED5B9881AA8AB10383 /* ScoopTurn.png in Resources */ = {isa = PBXBuildFile; fileRef = 2EBD6E6E26F796B7F7FCCC84 /* ScoopTurn.png */; };
		F99C0047282DCD1435B51360 /* ButterJump.png in Resources */ = {isa = PBXBuildFile; fileRef = A5B6D7B349887A9BEA86F224 /* ButterJump.png */; };
		FA6897C874C35A475DA6E68C /* MochiBlink.png in Resources */ = {isa = PBXBuildFile; fileRef = 45856AB39F1F0F985F7715DF /* MochiBlink.png */; };
		FAF6CD5653239DE48F01CFF7 /* ButterTurn.png in Resources */ = {isa = PBXBuildFile; fileRef = 63455FAEF752D79AF24F7EB1 /* ButterTurn.png */; };
		FB381FEF6F65DE9A9EC81A1D /* SeededRNG.swift in Sources */ = {isa = PBXBuildFile; fileRef = 7EC10D014480E0A55C553D5C /* SeededRNG.swift */; };
		FC5EE887058D53AA7CA968F2 /* MochiCover.png in Resources */ = {isa = PBXBuildFile; fileRef = B7000B449E4026EAF6C868BC /* MochiCover.png */; };
		FFF42F8FAB2FB93FA5F91B1B /* HomeView.swift in Sources */ = {isa = PBXBuildFile; fileRef = 9A5B265C0C663E3B0FD932F6 /* HomeView.swift */; };
/* End PBXBuildFile section */

/* Begin PBXContainerItemProxy section */
		1CE068AF41EF5E05A86ED77A /* PBXContainerItemProxy */ = {
			isa = PBXContainerItemProxy;
			containerPortal = C7401B7060C2AE42777FAEB5 /* Project object */;
			proxyType = 1;
			remoteGlobalIDString = 052C1203E464266CC80407FB;
			remoteInfo = PurrfectFrame;
		};
		AF6B2843E05D6DA24F0DF2CB /* PBXContainerItemProxy */ = {
			isa = PBXContainerItemProxy;
			containerPortal = C7401B7060C2AE42777FAEB5 /* Project object */;
			proxyType = 1;
			remoteGlobalIDString = 052C1203E464266CC80407FB;
			remoteInfo = PurrfectFrame;
		};
/* End PBXContainerItemProxy section */

/* Begin PBXFileReference section */
		034A40F3DA397C2CE1CF7715 /* WaddleTurn.png */ = {isa = PBXFileReference; lastKnownFileType = image.png; path = WaddleTurn.png; sourceTree = "<group>"; };
		04B9CDF3E54EA430EDF66DD9 /* InkCover.png */ = {isa = PBXFileReference; lastKnownFileType = image.png; path = InkCover.png; sourceTree = "<group>"; };
		13359F27FB2FBB6AFBCA4526 /* ShotEvaluator.swift */ = {isa = PBXFileReference; lastKnownFileType = sourcecode.swift; path = ShotEvaluator.swift; sourceTree = "<group>"; };
		162B7E34284E38726E5194F9 /* NoriDerp.png */ = {isa = PBXFileReference; lastKnownFileType = image.png; path = NoriDerp.png; sourceTree = "<group>"; };
		1A3C6C891C766F7A9AC1F757 /* ButterCover.png */ = {isa = PBXFileReference; lastKnownFileType = image.png; path = ButterCover.png; sourceTree = "<group>"; };
		1F4CEE98A3991444EFCFFC1F /* ScoopYawn.png */ = {isa = PBXFileReference; lastKnownFileType = image.png; path = ScoopYawn.png; sourceTree = "<group>"; };
		231C641B775BD093DCD59D53 /* NoriJump.png */ = {isa = PBXFileReference; lastKnownFileType = image.png; path = NoriJump.png; sourceTree = "<group>"; };
		2DA70E7E33B8C332FC54D26D /* WaddleJump.png */ = {isa = PBXFileReference; lastKnownFileType = image.png; path = WaddleJump.png; sourceTree = "<group>"; };
		2EBD6E6E26F796B7F7FCCC84 /* ScoopTurn.png */ = {isa = PBXFileReference; lastKnownFileType = image.png; path = ScoopTurn.png; sourceTree = "<group>"; };
		301374C9EF53B85C9CDCA70B /* ScoopIdle.png */ = {isa = PBXFileReference; lastKnownFileType = image.png; path = ScoopIdle.png; sourceTree = "<group>"; };
		3223D33387C1BF33945F1DF3 /* CatFigure.swift */ = {isa = PBXFileReference; lastKnownFileType = sourcecode.swift; path = CatFigure.swift; sourceTree = "<group>"; };
		378640160AF3F86E92AB9F61 /* Stores.swift */ = {isa = PBXFileReference; lastKnownFileType = sourcecode.swift; path = Stores.swift; sourceTree = "<group>"; };
		38B7BE474B3E139676BED800 /* MochiJump.png */ = {isa = PBXFileReference; lastKnownFileType = image.png; path = MochiJump.png; sourceTree = "<group>"; };
		3A10D2B9E58E751EBA0ADB4C /* PebbleTurn.png */ = {isa = PBXFileReference; lastKnownFileType = image.png; path = PebbleTurn.png; sourceTree = "<group>"; };
		3B6828D738A77CA543687890 /* InkTurn.png */ = {isa = PBXFileReference; lastKnownFileType = image.png; path = InkTurn.png; sourceTree = "<group>"; };
		3EEBCCB0AC55EC1FF5A6DF67 /* NoriCover.png */ = {isa = PBXFileReference; lastKnownFileType = image.png; path = NoriCover.png; sourceTree = "<group>"; };
		45856AB39F1F0F985F7715DF /* MochiBlink.png */ = {isa = PBXFileReference; lastKnownFileType = image.png; path = MochiBlink.png; sourceTree = "<group>"; };
		465998243930BC724495162E /* DesignSystem.swift */ = {isa = PBXFileReference; lastKnownFileType = sourcecode.swift; path = DesignSystem.swift; sourceTree = "<group>"; };
		4A8AA891A15F5B069C12EF11 /* ScoopJump.png */ = {isa = PBXFileReference; lastKnownFileType = image.png; path = ScoopJump.png; sourceTree = "<group>"; };
		4FAC8D04D7B4406C16189F21 /* PipIdle.png */ = {isa = PBXFileReference; lastKnownFileType = image.png; path = PipIdle.png; sourceTree = "<group>"; };
		50025CA7CD87B74C72233FC9 /* PebbleDerp.png */ = {isa = PBXFileReference; lastKnownFileType = image.png; path = PebbleDerp.png; sourceTree = "<group>"; };
		51F7D68574B0612885561629 /* PipJump.png */ = {isa = PBXFileReference; lastKnownFileType = image.png; path = PipJump.png; sourceTree = "<group>"; };
		583110A6C87AF74E51B16020 /* WorldsView.swift */ = {isa = PBXFileReference; lastKnownFileType = sourcecode.swift; path = WorldsView.swift; sourceTree = "<group>"; };
		5855BC2830EFBCFB42EC7926 /* PurrfectFrameUITests.swift */ = {isa = PBXFileReference; lastKnownFileType = sourcecode.swift; path = PurrfectFrameUITests.swift; sourceTree = "<group>"; };
		5B5C79FF91A198FFAACB50EA /* Feedback.swift */ = {isa = PBXFileReference; lastKnownFileType = sourcecode.swift; path = Feedback.swift; sourceTree = "<group>"; };
		5F92B975DF6FA01337468D3F /* PrivacyInfo.xcprivacy */ = {isa = PBXFileReference; path = PrivacyInfo.xcprivacy; sourceTree = "<group>"; };
		5FC8D64DF823DADBF49A133F /* InkBlink.png */ = {isa = PBXFileReference; lastKnownFileType = image.png; path = InkBlink.png; sourceTree = "<group>"; };
		63455FAEF752D79AF24F7EB1 /* ButterTurn.png */ = {isa = PBXFileReference; lastKnownFileType = image.png; path = ButterTurn.png; sourceTree = "<group>"; };
		660898FF8EE5B496DA9A9F60 /* PebbleBlink.png */ = {isa = PBXFileReference; lastKnownFileType = image.png; path = PebbleBlink.png; sourceTree = "<group>"; };
		6613B569330F6A42A17FF213 /* NoriIdle.png */ = {isa = PBXFileReference; lastKnownFileType = image.png; path = NoriIdle.png; sourceTree = "<group>"; };
		693D81C4489BE77DB8EA57C9 /* PebbleJump.png */ = {isa = PBXFileReference; lastKnownFileType = image.png; path = PebbleJump.png; sourceTree = "<group>"; };
		6FF17CBF7D1D4FCDE10BBB5C /* WaddleIdle.png */ = {isa = PBXFileReference; lastKnownFileType = image.png; path = WaddleIdle.png; sourceTree = "<group>"; };
		718D116DDD36D0A3B86E1AEA /* InkYawn.png */ = {isa = PBXFileReference; lastKnownFileType = image.png; path = InkYawn.png; sourceTree = "<group>"; };
		73B77C08EC26AE6A38B8454C /* PurrfectFrameApp.swift */ = {isa = PBXFileReference; lastKnownFileType = sourcecode.swift; path = PurrfectFrameApp.swift; sourceTree = "<group>"; };
		7BF22E243E71AD2BAEAA394B /* NoriTurn.png */ = {isa = PBXFileReference; lastKnownFileType = image.png; path = NoriTurn.png; sourceTree = "<group>"; };
		7EC10D014480E0A55C553D5C /* SeededRNG.swift */ = {isa = PBXFileReference; lastKnownFileType = sourcecode.swift; path = SeededRNG.swift; sourceTree = "<group>"; };
		7F4D7608BAFE49F417AA1398 /* ScoopBlink.png */ = {isa = PBXFileReference; lastKnownFileType = image.png; path = ScoopBlink.png; sourceTree = "<group>"; };
		812FD3D5805F4F282BB7ACB3 /* PurrfectFrame.app */ = {isa = PBXFileReference; includeInIndex = 0; lastKnownFileType = wrapper.application; path = PurrfectFrame.app; sourceTree = BUILT_PRODUCTS_DIR; };
		86B07CBB840A834662EDE16D /* PurrfectFrameTests.xctest */ = {isa = PBXFileReference; includeInIndex = 0; lastKnownFileType = wrapper.cfbundle; path = PurrfectFrameTests.xctest; sourceTree = BUILT_PRODUCTS_DIR; };
		88C70D364AB33CD92AC77A4E /* MochiYawn.png */ = {isa = PBXFileReference; lastKnownFileType = image.png; path = MochiYawn.png; sourceTree = "<group>"; };
		8DF2EED38DEAB5FCEFF28631 /* SpriteCreatureView.swift */ = {isa = PBXFileReference; lastKnownFileType = sourcecode.swift; path = SpriteCreatureView.swift; sourceTree = "<group>"; };
		9A5B265C0C663E3B0FD932F6 /* HomeView.swift */ = {isa = PBXFileReference; lastKnownFileType = sourcecode.swift; path = HomeView.swift; sourceTree = "<group>"; };
		9C595C20B162B6BFD7051DC7 /* ScoopPaw.png */ = {isa = PBXFileReference; lastKnownFileType = image.png; path = ScoopPaw.png; sourceTree = "<group>"; };
		9D884FDD7204D85159AD67C7 /* InkIdle.png */ = {isa = PBXFileReference; lastKnownFileType = image.png; path = InkIdle.png; sourceTree = "<group>"; };
		A5B6D7B349887A9BEA86F224 /* ButterJump.png */ = {isa = PBXFileReference; lastKnownFileType = image.png; path = ButterJump.png; sourceTree = "<group>"; };
		A832AF65D745BE44742E9EFE /* ButterBlink.png */ = {isa = PBXFileReference; lastKnownFileType = image.png; path = ButterBlink.png; sourceTree = "<group>"; };
		A8447844174E3EC4C5E4F2D3 /* PebblePaw.png */ = {isa = PBXFileReference; lastKnownFileType = image.png; path = PebblePaw.png; sourceTree = "<group>"; };
		A89A6DD8B2515A7607CE3D6E /* PipYawn.png */ = {isa = PBXFileReference; lastKnownFileType = image.png; path = PipYawn.png; sourceTree = "<group>"; };
		A91942574C014BB8C7314FEB /* NoriPaw.png */ = {isa = PBXFileReference; lastKnownFileType = image.png; path = NoriPaw.png; sourceTree = "<group>"; };
		AD8567BE280AEACCC20C33AE /* MochiIdle.png */ = {isa = PBXFileReference; lastKnownFileType = image.png; path = MochiIdle.png; sourceTree = "<group>"; };
		AEE244F1969844332A74E906 /* TimelineBuilderTests.swift */ = {isa = PBXFileReference; lastKnownFileType = sourcecode.swift; path = TimelineBuilderTests.swift; sourceTree = "<group>"; };
		B2BC27CB05801FA059DB1917 /* ButterYawn.png */ = {isa = PBXFileReference; lastKnownFileType = image.png; path = ButterYawn.png; sourceTree = "<group>"; };
		B6A8452EB4256CC23CCECF1C /* MochiDerp.png */ = {isa = PBXFileReference; lastKnownFileType = image.png; path = MochiDerp.png; sourceTree = "<group>"; };
		B7000B449E4026EAF6C868BC /* MochiCover.png */ = {isa = PBXFileReference; lastKnownFileType = image.png; path = MochiCover.png; sourceTree = "<group>"; };
		B7F062929007F4DD19672F02 /* PenguinFigure.swift */ = {isa = PBXFileReference; lastKnownFileType = sourcecode.swift; path = PenguinFigure.swift; sourceTree = "<group>"; };
		BA284179A762E274F4CEE35D /* WaddleYawn.png */ = {isa = PBXFileReference; lastKnownFileType = image.png; path = WaddleYawn.png; sourceTree = "<group>"; };
		C137128418CEF474F943A584 /* PipBlink.png */ = {isa = PBXFileReference; lastKnownFileType = image.png; path = PipBlink.png; sourceTree = "<group>"; };
		C17DCB6D75C38ED7A8D7F400 /* SettingsView.swift */ = {isa = PBXFileReference; lastKnownFileType = sourcecode.swift; path = SettingsView.swift; sourceTree = "<group>"; };
		C38751A7F1D65041C1FC49BA /* InkJump.png */ = {isa = PBXFileReference; lastKnownFileType = image.png; path = InkJump.png; sourceTree = "<group>"; };
		C534711704B0E87490238F3C /* PebbleYawn.png */ = {isa = PBXFileReference; lastKnownFileType = image.png; path = PebbleYawn.png; sourceTree = "<group>"; };
		C75D6D6E611A6F5456311CE2 /* MochiTurn.png */ = {isa = PBXFileReference; lastKnownFileType = image.png; path = MochiTurn.png; sourceTree = "<group>"; };
		C7C6F70251539C11C1D1BF3A /* PipDerp.png */ = {isa = PBXFileReference; lastKnownFileType = image.png; path = PipDerp.png; sourceTree = "<group>"; };
		CAAEF2213D576C01D41F1DFC /* InkPaw.png */ = {isa = PBXFileReference; lastKnownFileType = image.png; path = InkPaw.png; sourceTree = "<group>"; };
		D01BD642B1C38CA92DDB7311 /* WaddleDerp.png */ = {isa = PBXFileReference; lastKnownFileType = image.png; path = WaddleDerp.png; sourceTree = "<group>"; };
		D47F377DFCC6E6D3E8B83252 /* PipTurn.png */ = {isa = PBXFileReference; lastKnownFileType = image.png; path = PipTurn.png; sourceTree = "<group>"; };
		D7902AB0A98398B70E8CB9DC /* ScoopDerp.png */ = {isa = PBXFileReference; lastKnownFileType = image.png; path = ScoopDerp.png; sourceTree = "<group>"; };
		DC61EC79507D3D1CB1E68F9A /* NoriBlink.png */ = {isa = PBXFileReference; lastKnownFileType = image.png; path = NoriBlink.png; sourceTree = "<group>"; };
		DF68D3E6C06EE82E98773EFC /* PebbleIdle.png */ = {isa = PBXFileReference; lastKnownFileType = image.png; path = PebbleIdle.png; sourceTree = "<group>"; };
		DFAE042F0757075A34E124D5 /* PurrfectFrameUITests.xctest */ = {isa = PBXFileReference; includeInIndex = 0; lastKnownFileType = wrapper.cfbundle; path = PurrfectFrameUITests.xctest; sourceTree = BUILT_PRODUCTS_DIR; };
		E208C0831FB5862CAC69FB9D /* ButterPaw.png */ = {isa = PBXFileReference; lastKnownFileType = image.png; path = ButterPaw.png; sourceTree = "<group>"; };
		E420B9BA476074D7C5D3D1FC /* CameraPlayView.swift */ = {isa = PBXFileReference; lastKnownFileType = sourcecode.swift; path = CameraPlayView.swift; sourceTree = "<group>"; };
		E5631CFC6E7ACED99A907D8E /* ButterDerp.png */ = {isa = PBXFileReference; lastKnownFileType = image.png; path = ButterDerp.png; sourceTree = "<group>"; };
		E8269F407BACF10B61C4C3F5 /* WaddlePaw.png */ = {isa = PBXFileReference; lastKnownFileType = image.png; path = WaddlePaw.png; sourceTree = "<group>"; };
		E8D890916CA015338518B7F6 /* StageView.swift */ = {isa = PBXFileReference; lastKnownFileType = sourcecode.swift; path = StageView.swift; sourceTree = "<group>"; };
		EADC4E62EFB4B2B73A143555 /* ButterIdle.png */ = {isa = PBXFileReference; lastKnownFileType = image.png; path = ButterIdle.png; sourceTree = "<group>"; };
		ED1EABA3FAFE7B4C6782C496 /* Models.swift */ = {isa = PBXFileReference; lastKnownFileType = sourcecode.swift; path = Models.swift; sourceTree = "<group>"; };
		EE6C508F07FCE73B44DC9E28 /* AppModel.swift */ = {isa = PBXFileReference; lastKnownFileType = sourcecode.swift; path = AppModel.swift; sourceTree = "<group>"; };
		EECC3FFC209EB47C1368C6F8 /* CollectionView.swift */ = {isa = PBXFileReference; lastKnownFileType = sourcecode.swift; path = CollectionView.swift; sourceTree = "<group>"; };
		EEE85DA934393D180C1452D0 /* PurrfectFrame.entitlements */ = {isa = PBXFileReference; lastKnownFileType = text.plist.entitlements; path = PurrfectFrame.entitlements; sourceTree = "<group>"; };
		EF833DFE3ABA24034AAAE209 /* MochiPaw.png */ = {isa = PBXFileReference; lastKnownFileType = image.png; path = MochiPaw.png; sourceTree = "<group>"; };
		F0A93A743315E0DC98C7862F /* InkDerp.png */ = {isa = PBXFileReference; lastKnownFileType = image.png; path = InkDerp.png; sourceTree = "<group>"; };
		F172C9AA0FDBCC0595713DEE /* NoriYawn.png */ = {isa = PBXFileReference; lastKnownFileType = image.png; path = NoriYawn.png; sourceTree = "<group>"; };
		F5E280A01527D7442E0EB4F8 /* ResultView.swift */ = {isa = PBXFileReference; lastKnownFileType = sourcecode.swift; path = ResultView.swift; sourceTree = "<group>"; };
		F9CB8AB4D70823395C044D9F /* PipPaw.png */ = {isa = PBXFileReference; lastKnownFileType = image.png; path = PipPaw.png; sourceTree = "<group>"; };
		FA338D842577D93B903545A3 /* Assets.xcassets */ = {isa = PBXFileReference; lastKnownFileType = folder.assetcatalog; path = Assets.xcassets; sourceTree = "<group>"; };
		FC67051974E84D050FA944B7 /* WaddleBlink.png */ = {isa = PBXFileReference; lastKnownFileType = image.png; path = WaddleBlink.png; sourceTree = "<group>"; };
		FEA781D585370115C1D489E0 /* Timeline.swift */ = {isa = PBXFileReference; lastKnownFileType = sourcecode.swift; path = Timeline.swift; sourceTree = "<group>"; };
/* End PBXFileReference section */

/* Begin PBXGroup section */
		0901A9EF5FEB863CF326BC75 /* Products */ = {
			isa = PBXGroup;
			children = (
				812FD3D5805F4F282BB7ACB3 /* PurrfectFrame.app */,
				86B07CBB840A834662EDE16D /* PurrfectFrameTests.xctest */,
				DFAE042F0757075A34E124D5 /* PurrfectFrameUITests.xctest */,
			);
			name = Products;
			sourceTree = "<group>";
		};
		407BADA3DEF705F96794E245 /* PurrfectFrame */ = {
			isa = PBXGroup;
			children = (
				6A5F945E0437303888E2B76E /* App */,
				D5AAACF59A5AEC206A1159E0 /* Audio */,
				DF1242C712F50C30A85FE10D /* DesignSystem */,
				F4719DB196FE0EB72D6B8B01 /* Features */,
				8131B71F2DFB8A448854A810 /* Game */,
				DB48803B000FAC9EE1D858EC /* Persistence */,
				C5A2F83208E32D979EDB0934 /* Resources */,
				EEE85DA934393D180C1452D0 /* PurrfectFrame.entitlements */,
			);
			path = PurrfectFrame;
			sourceTree = "<group>";
		};
		4C66C17CEB2FD880C1F0F143 /* Stage */ = {
			isa = PBXGroup;
			children = (
				E8D890916CA015338518B7F6 /* StageView.swift */,
			);
			path = Stage;
			sourceTree = "<group>";
		};
		5479EB93FC5FB350D1774C47 /* Sprites */ = {
			isa = PBXGroup;
			children = (
				A832AF65D745BE44742E9EFE /* ButterBlink.png */,
				1A3C6C891C766F7A9AC1F757 /* ButterCover.png */,
				E5631CFC6E7ACED99A907D8E /* ButterDerp.png */,
				EADC4E62EFB4B2B73A143555 /* ButterIdle.png */,
				A5B6D7B349887A9BEA86F224 /* ButterJump.png */,
				E208C0831FB5862CAC69FB9D /* ButterPaw.png */,
				63455FAEF752D79AF24F7EB1 /* ButterTurn.png */,
				B2BC27CB05801FA059DB1917 /* ButterYawn.png */,
				5FC8D64DF823DADBF49A133F /* InkBlink.png */,
				04B9CDF3E54EA430EDF66DD9 /* InkCover.png */,
				F0A93A743315E0DC98C7862F /* InkDerp.png */,
				9D884FDD7204D85159AD67C7 /* InkIdle.png */,
				C38751A7F1D65041C1FC49BA /* InkJump.png */,
				CAAEF2213D576C01D41F1DFC /* InkPaw.png */,
				3B6828D738A77CA543687890 /* InkTurn.png */,
				718D116DDD36D0A3B86E1AEA /* InkYawn.png */,
				45856AB39F1F0F985F7715DF /* MochiBlink.png */,
				B7000B449E4026EAF6C868BC /* MochiCover.png */,
				B6A8452EB4256CC23CCECF1C /* MochiDerp.png */,
				AD8567BE280AEACCC20C33AE /* MochiIdle.png */,
				38B7BE474B3E139676BED800 /* MochiJump.png */,
				EF833DFE3ABA24034AAAE209 /* MochiPaw.png */,
				C75D6D6E611A6F5456311CE2 /* MochiTurn.png */,
				88C70D364AB33CD92AC77A4E /* MochiYawn.png */,
				DC61EC79507D3D1CB1E68F9A /* NoriBlink.png */,
				3EEBCCB0AC55EC1FF5A6DF67 /* NoriCover.png */,
				162B7E34284E38726E5194F9 /* NoriDerp.png */,
				6613B569330F6A42A17FF213 /* NoriIdle.png */,
				231C641B775BD093DCD59D53 /* NoriJump.png */,
				A91942574C014BB8C7314FEB /* NoriPaw.png */,
				7BF22E243E71AD2BAEAA394B /* NoriTurn.png */,
				F172C9AA0FDBCC0595713DEE /* NoriYawn.png */,
				660898FF8EE5B496DA9A9F60 /* PebbleBlink.png */,
				50025CA7CD87B74C72233FC9 /* PebbleDerp.png */,
				DF68D3E6C06EE82E98773EFC /* PebbleIdle.png */,
				693D81C4489BE77DB8EA57C9 /* PebbleJump.png */,
				A8447844174E3EC4C5E4F2D3 /* PebblePaw.png */,
				3A10D2B9E58E751EBA0ADB4C /* PebbleTurn.png */,
				C534711704B0E87490238F3C /* PebbleYawn.png */,
				C137128418CEF474F943A584 /* PipBlink.png */,
				C7C6F70251539C11C1D1BF3A /* PipDerp.png */,
				4FAC8D04D7B4406C16189F21 /* PipIdle.png */,
				51F7D68574B0612885561629 /* PipJump.png */,
				F9CB8AB4D70823395C044D9F /* PipPaw.png */,
				D47F377DFCC6E6D3E8B83252 /* PipTurn.png */,
				A89A6DD8B2515A7607CE3D6E /* PipYawn.png */,
				7F4D7608BAFE49F417AA1398 /* ScoopBlink.png */,
				D7902AB0A98398B70E8CB9DC /* ScoopDerp.png */,
				301374C9EF53B85C9CDCA70B /* ScoopIdle.png */,
				4A8AA891A15F5B069C12EF11 /* ScoopJump.png */,
				9C595C20B162B6BFD7051DC7 /* ScoopPaw.png */,
				2EBD6E6E26F796B7F7FCCC84 /* ScoopTurn.png */,
				1F4CEE98A3991444EFCFFC1F /* ScoopYawn.png */,
				FC67051974E84D050FA944B7 /* WaddleBlink.png */,
				D01BD642B1C38CA92DDB7311 /* WaddleDerp.png */,
				6FF17CBF7D1D4FCDE10BBB5C /* WaddleIdle.png */,
				2DA70E7E33B8C332FC54D26D /* WaddleJump.png */,
				E8269F407BACF10B61C4C3F5 /* WaddlePaw.png */,
				034A40F3DA397C2CE1CF7715 /* WaddleTurn.png */,
				BA284179A762E274F4CEE35D /* WaddleYawn.png */,
			);
			path = Sprites;
			sourceTree = "<group>";
		};
		6A5F945E0437303888E2B76E /* App */ = {
			isa = PBXGroup;
			children = (
				EE6C508F07FCE73B44DC9E28 /* AppModel.swift */,
				73B77C08EC26AE6A38B8454C /* PurrfectFrameApp.swift */,
			);
			path = App;
			sourceTree = "<group>";
		};
		74268BCAB36AA36F6922219F = {
			isa = PBXGroup;
			children = (
				407BADA3DEF705F96794E245 /* PurrfectFrame */,
				BDA9001E81C1EC4FAC50811B /* PurrfectFrameTests */,
				E6A131DEEF01A48DA52E024D /* PurrfectFrameUITests */,
				0901A9EF5FEB863CF326BC75 /* Products */,
			);
			sourceTree = "<group>";
		};
		8131B71F2DFB8A448854A810 /* Game */ = {
			isa = PBXGroup;
			children = (
				C7A3C1D4E678A7BF1A8AE7DB /* Characters */,
				EAB5914B76ED6451DFE768D2 /* Engine */,
				4C66C17CEB2FD880C1F0F143 /* Stage */,
			);
			path = Game;
			sourceTree = "<group>";
		};
		83E4069B05515501ABA4A6A1 /* Collection */ = {
			isa = PBXGroup;
			children = (
				EECC3FFC209EB47C1368C6F8 /* CollectionView.swift */,
			);
			path = Collection;
			sourceTree = "<group>";
		};
		908E859154D799AC930D5CFB /* Settings */ = {
			isa = PBXGroup;
			children = (
				C17DCB6D75C38ED7A8D7F400 /* SettingsView.swift */,
			);
			path = Settings;
			sourceTree = "<group>";
		};
		9EA1BC4348F6C0FD41287BC0 /* Worlds */ = {
			isa = PBXGroup;
			children = (
				583110A6C87AF74E51B16020 /* WorldsView.swift */,
			);
			path = Worlds;
			sourceTree = "<group>";
		};
		9F0CD64F9C95382E7ACA5462 /* Result */ = {
			isa = PBXGroup;
			children = (
				F5E280A01527D7442E0EB4F8 /* ResultView.swift */,
			);
			path = Result;
			sourceTree = "<group>";
		};
		A85AA166B907761CF7B4AAD6 /* Home */ = {
			isa = PBXGroup;
			children = (
				9A5B265C0C663E3B0FD932F6 /* HomeView.swift */,
			);
			path = Home;
			sourceTree = "<group>";
		};
		BDA9001E81C1EC4FAC50811B /* PurrfectFrameTests */ = {
			isa = PBXGroup;
			children = (
				AEE244F1969844332A74E906 /* TimelineBuilderTests.swift */,
			);
			path = PurrfectFrameTests;
			sourceTree = "<group>";
		};
		BEB74240E725C397F6886976 /* Play */ = {
			isa = PBXGroup;
			children = (
				E420B9BA476074D7C5D3D1FC /* CameraPlayView.swift */,
			);
			path = Play;
			sourceTree = "<group>";
		};
		C5A2F83208E32D979EDB0934 /* Resources */ = {
			isa = PBXGroup;
			children = (
				5479EB93FC5FB350D1774C47 /* Sprites */,
				FA338D842577D93B903545A3 /* Assets.xcassets */,
				5F92B975DF6FA01337468D3F /* PrivacyInfo.xcprivacy */,
			);
			path = Resources;
			sourceTree = "<group>";
		};
		C7A3C1D4E678A7BF1A8AE7DB /* Characters */ = {
			isa = PBXGroup;
			children = (
				3223D33387C1BF33945F1DF3 /* CatFigure.swift */,
				B7F062929007F4DD19672F02 /* PenguinFigure.swift */,
				8DF2EED38DEAB5FCEFF28631 /* SpriteCreatureView.swift */,
			);
			path = Characters;
			sourceTree = "<group>";
		};
		D5AAACF59A5AEC206A1159E0 /* Audio */ = {
			isa = PBXGroup;
			children = (
				5B5C79FF91A198FFAACB50EA /* Feedback.swift */,
			);
			path = Audio;
			sourceTree = "<group>";
		};
		DB48803B000FAC9EE1D858EC /* Persistence */ = {
			isa = PBXGroup;
			children = (
				378640160AF3F86E92AB9F61 /* Stores.swift */,
			);
			path = Persistence;
			sourceTree = "<group>";
		};
		DF1242C712F50C30A85FE10D /* DesignSystem */ = {
			isa = PBXGroup;
			children = (
				465998243930BC724495162E /* DesignSystem.swift */,
			);
			path = DesignSystem;
			sourceTree = "<group>";
		};
		E6A131DEEF01A48DA52E024D /* PurrfectFrameUITests */ = {
			isa = PBXGroup;
			children = (
				5855BC2830EFBCFB42EC7926 /* PurrfectFrameUITests.swift */,
			);
			path = PurrfectFrameUITests;
			sourceTree = "<group>";
		};
		EAB5914B76ED6451DFE768D2 /* Engine */ = {
			isa = PBXGroup;
			children = (
				ED1EABA3FAFE7B4C6782C496 /* Models.swift */,
				7EC10D014480E0A55C553D5C /* SeededRNG.swift */,
				13359F27FB2FBB6AFBCA4526 /* ShotEvaluator.swift */,
				FEA781D585370115C1D489E0 /* Timeline.swift */,
			);
			path = Engine;
			sourceTree = "<group>";
		};
		F4719DB196FE0EB72D6B8B01 /* Features */ = {
			isa = PBXGroup;
			children = (
				83E4069B05515501ABA4A6A1 /* Collection */,
				A85AA166B907761CF7B4AAD6 /* Home */,
				BEB74240E725C397F6886976 /* Play */,
				9F0CD64F9C95382E7ACA5462 /* Result */,
				908E859154D799AC930D5CFB /* Settings */,
				9EA1BC4348F6C0FD41287BC0 /* Worlds */,
			);
			path = Features;
			sourceTree = "<group>";
		};
/* End PBXGroup section */

/* Begin PBXNativeTarget section */
		052C1203E464266CC80407FB /* PurrfectFrame */ = {
			isa = PBXNativeTarget;
			buildConfigurationList = 15708E90444B73DE39BEC89B /* Build configuration list for PBXNativeTarget "PurrfectFrame" */;
			buildPhases = (
				12E97111DA5FE90E2130D5CE /* Sources */,
				971AAECEE6CCDDF394C6EA85 /* Resources */,
			);
			buildRules = (
			);
			dependencies = (
			);
			name = PurrfectFrame;
			packageProductDependencies = (
			);
			productName = PurrfectFrame;
			productReference = 812FD3D5805F4F282BB7ACB3 /* PurrfectFrame.app */;
			productType = "com.apple.product-type.application";
		};
		0C4B6C52BDA2F856A066EE58 /* PurrfectFrameUITests */ = {
			isa = PBXNativeTarget;
			buildConfigurationList = D1C59EAE426AA0497C2B4E1F /* Build configuration list for PBXNativeTarget "PurrfectFrameUITests" */;
			buildPhases = (
				0356623A5D4E4738C420E721 /* Sources */,
			);
			buildRules = (
			);
			dependencies = (
				76C5E8FFD780691DB6E97CF9 /* PBXTargetDependency */,
			);
			name = PurrfectFrameUITests;
			packageProductDependencies = (
			);
			productName = PurrfectFrameUITests;
			productReference = DFAE042F0757075A34E124D5 /* PurrfectFrameUITests.xctest */;
			productType = "com.apple.product-type.bundle.ui-testing";
		};
		D6F8C2C3EEDA8F0E0FF62FA1 /* PurrfectFrameTests */ = {
			isa = PBXNativeTarget;
			buildConfigurationList = C716B38D0372686D210A9F96 /* Build configuration list for PBXNativeTarget "PurrfectFrameTests" */;
			buildPhases = (
				AF82E69157C837A972394781 /* Sources */,
			);
			buildRules = (
			);
			dependencies = (
				BC2059D6159DD6D31AE2E4AA /* PBXTargetDependency */,
			);
			name = PurrfectFrameTests;
			packageProductDependencies = (
			);
			productName = PurrfectFrameTests;
			productReference = 86B07CBB840A834662EDE16D /* PurrfectFrameTests.xctest */;
			productType = "com.apple.product-type.bundle.unit-test";
		};
/* End PBXNativeTarget section */

/* Begin PBXProject section */
		C7401B7060C2AE42777FAEB5 /* Project object */ = {
			isa = PBXProject;
			attributes = {
				BuildIndependentTargetsInParallel = YES;
				LastUpgradeCheck = 1430;
				TargetAttributes = {
					052C1203E464266CC80407FB = {
						DevelopmentTeam = XMS5ZC28UJ;
					};
					0C4B6C52BDA2F856A066EE58 = {
						DevelopmentTeam = XMS5ZC28UJ;
						TestTargetID = 052C1203E464266CC80407FB;
					};
					D6F8C2C3EEDA8F0E0FF62FA1 = {
						DevelopmentTeam = XMS5ZC28UJ;
					};
				};
			};
			buildConfigurationList = 91828B960B4AA6C06ACC9ED3 /* Build configuration list for PBXProject "PurrfectFrame" */;
			developmentRegion = en;
			hasScannedForEncodings = 0;
			knownRegions = (
				Base,
				en,
			);
			mainGroup = 74268BCAB36AA36F6922219F;
			minimizedProjectReferenceProxies = 1;
			preferredProjectObjectVersion = 77;
			productRefGroup = 0901A9EF5FEB863CF326BC75 /* Products */;
			projectDirPath = "";
			projectRoot = "";
			targets = (
				052C1203E464266CC80407FB /* PurrfectFrame */,
				D6F8C2C3EEDA8F0E0FF62FA1 /* PurrfectFrameTests */,
				0C4B6C52BDA2F856A066EE58 /* PurrfectFrameUITests */,
			);
		};
/* End PBXProject section */

/* Begin PBXResourcesBuildPhase section */
		971AAECEE6CCDDF394C6EA85 /* Resources */ = {
			isa = PBXResourcesBuildPhase;
			buildActionMask = 2147483647;
			files = (
				3A8B4B97711D812DD4314221 /* Assets.xcassets in Resources */,
				4FA3131F0C1E7F07DC673228 /* ButterBlink.png in Resources */,
				5370C5B935E7F6EFF374DF61 /* ButterCover.png in Resources */,
				D2CB87C96FE0EE5CBF9BD25C /* ButterDerp.png in Resources */,
				3335319F2146D8928DFAADDD /* ButterIdle.png in Resources */,
				F99C0047282DCD1435B51360 /* ButterJump.png in Resources */,
				838F74B39F79B6B8CC1EF552 /* ButterPaw.png in Resources */,
				FAF6CD5653239DE48F01CFF7 /* ButterTurn.png in Resources */,
				A06D4A55D823170727E2213F /* ButterYawn.png in Resources */,
				51E16BCE90415C7C7FF81315 /* InkBlink.png in Resources */,
				B00D70CE5B3841AC746F87D1 /* InkCover.png in Resources */,
				2DACB90A5844EA4B41DFEA6B /* InkDerp.png in Resources */,
				88AFDDFD14BCD8A7729CD9A2 /* InkIdle.png in Resources */,
				864105D045DF2F730C53549A /* InkJump.png in Resources */,
				B5631E292BA4CDEF64EA74F5 /* InkPaw.png in Resources */,
				CCC5D21A55D026751187E1E3 /* InkTurn.png in Resources */,
				811240329E2004F0FFD759B2 /* InkYawn.png in Resources */,
				FA6897C874C35A475DA6E68C /* MochiBlink.png in Resources */,
				FC5EE887058D53AA7CA968F2 /* MochiCover.png in Resources */,
				3C0260B308DD172C070C5293 /* MochiDerp.png in Resources */,
				A5C47A5FA42261A76AB9474A /* MochiIdle.png in Resources */,
				AD8D77750566507584FCDFE8 /* MochiJump.png in Resources */,
				5C2F7FFB32FC50C555660ABB /* MochiPaw.png in Resources */,
				0ED43EB8C05BC1DFAC57BF8D /* MochiTurn.png in Resources */,
				BE25964F69CCD969DA739A4E /* MochiYawn.png in Resources */,
				F182CE8BAA7AF8504A479D69 /* NoriBlink.png in Resources */,
				A47A30B58F3E9A99B8DF6C4D /* NoriCover.png in Resources */,
				55C68C19F23A6F76C4A0DA29 /* NoriDerp.png in Resources */,
				A6EE6E1EEA705A0A96A21E12 /* NoriIdle.png in Resources */,
				121F1DF7C72336B8374CBB1F /* NoriJump.png in Resources */,
				8F61F0D2865E97CD8F510BD8 /* NoriPaw.png in Resources */,
				F47772E42F93E7A6798E0A55 /* NoriTurn.png in Resources */,
				110237E9CFAFA2EC4A6A0B67 /* NoriYawn.png in Resources */,
				4321559361DDDF31863E17B8 /* PebbleBlink.png in Resources */,
				3DA8C30F140B420E7969B5A7 /* PebbleDerp.png in Resources */,
				06FC20CEC3371C1E96F9C8D4 /* PebbleIdle.png in Resources */,
				5859C76E449FC7AFDBBA1801 /* PebbleJump.png in Resources */,
				E4D80D7B51A2BE0D97ACD0EC /* PebblePaw.png in Resources */,
				EFA6E1CDBC35BFF81132EBBE /* PebbleTurn.png in Resources */,
				61DD484A07B4ECD62429B06C /* PebbleYawn.png in Resources */,
				2C8FD4124F84226BC6E7DF35 /* PipBlink.png in Resources */,
				C3BDAFE781DF6DFB11F68011 /* PipDerp.png in Resources */,
				E4AB05C18F19147C754B89D2 /* PipIdle.png in Resources */,
				C0E8770346F759D2D901A4DB /* PipJump.png in Resources */,
				D9F7C0AA8E52D180AE9E3D36 /* PipPaw.png in Resources */,
				C51F6AE13887E22721B5D34D /* PipTurn.png in Resources */,
				020820603A9553D132F1CC71 /* PipYawn.png in Resources */,
				CF0993DDF1C186B9EB71E830 /* PrivacyInfo.xcprivacy in Resources */,
				ED3840A051B7C54CC5AD47FF /* ScoopBlink.png in Resources */,
				2317BB4426E03750AFF4ED52 /* ScoopDerp.png in Resources */,
				3A93B8FFAA329F4555A3BABB /* ScoopIdle.png in Resources */,
				2F836CF9DA7E8ABA035A991E /* ScoopJump.png in Resources */,
				2A5FB66A6FE9617268A0394E /* ScoopPaw.png in Resources */,
				F8F9D0ED5B9881AA8AB10383 /* ScoopTurn.png in Resources */,
				5D307E478AD2B950BBFB7C69 /* ScoopYawn.png in Resources */,
				7D0CEB27AC67489725F8DE2B /* WaddleBlink.png in Resources */,
				B7B6A43ADB27460753308525 /* WaddleDerp.png in Resources */,
				5B8C9F11CC47C67509047134 /* WaddleIdle.png in Resources */,
				519D86E3DFC12AE8580924D7 /* WaddleJump.png in Resources */,
				9BB1FEE8D7AA169C7CD3E0D3 /* WaddlePaw.png in Resources */,
				860F98667C145F5B488F26FE /* WaddleTurn.png in Resources */,
				82DA096817B16C60754D7D8E /* WaddleYawn.png in Resources */,
			);
			runOnlyForDeploymentPostprocessing = 0;
		};
/* End PBXResourcesBuildPhase section */

/* Begin PBXSourcesBuildPhase section */
		0356623A5D4E4738C420E721 /* Sources */ = {
			isa = PBXSourcesBuildPhase;
			buildActionMask = 2147483647;
			files = (
				33E78C620C8702564060CFDB /* PurrfectFrameUITests.swift in Sources */,
			);
			runOnlyForDeploymentPostprocessing = 0;
		};
		12E97111DA5FE90E2130D5CE /* Sources */ = {
			isa = PBXSourcesBuildPhase;
			buildActionMask = 2147483647;
			files = (
				57E8D6081E8135D1F2934CF0 /* AppModel.swift in Sources */,
				9B22A5F6FB81811E68EEA737 /* CameraPlayView.swift in Sources */,
				D0A7ED06A2E811FA3D50C0FD /* CatFigure.swift in Sources */,
				AF559C4F9D23F4B4EAA1F150 /* CollectionView.swift in Sources */,
				EF8BD93353E66316DF1B7941 /* DesignSystem.swift in Sources */,
				40B476B486FBF8EFACF53C64 /* Feedback.swift in Sources */,
				FFF42F8FAB2FB93FA5F91B1B /* HomeView.swift in Sources */,
				15ABAA98EEFE064894C5BBDD /* Models.swift in Sources */,
				97F86C4D48A645C246D7881E /* PenguinFigure.swift in Sources */,
				87C7774228E1EF5C5EE7EDA6 /* PurrfectFrameApp.swift in Sources */,
				EDE6AC39A128BA4F7DF5D278 /* ResultView.swift in Sources */,
				FB381FEF6F65DE9A9EC81A1D /* SeededRNG.swift in Sources */,
				0B89C553C687BB59C975FB24 /* SettingsView.swift in Sources */,
				5D3A09679B5263EF3165A57C /* ShotEvaluator.swift in Sources */,
				17449F9B5E58889738918175 /* SpriteCreatureView.swift in Sources */,
				54A6246DC218602F07AC8C16 /* StageView.swift in Sources */,
				8FC4C4F5E51FA8CCBE6F66FF /* Stores.swift in Sources */,
				5C8E22F425DB6D72E7B0B5B5 /* Timeline.swift in Sources */,
				F05E2DF9C7C61A9C2A8AD536 /* WorldsView.swift in Sources */,
			);
			runOnlyForDeploymentPostprocessing = 0;
		};
		AF82E69157C837A972394781 /* Sources */ = {
			isa = PBXSourcesBuildPhase;
			buildActionMask = 2147483647;
			files = (
				86B9C90EF474B93214957392 /* TimelineBuilderTests.swift in Sources */,
			);
			runOnlyForDeploymentPostprocessing = 0;
		};
/* End PBXSourcesBuildPhase section */

/* Begin PBXTargetDependency section */
		76C5E8FFD780691DB6E97CF9 /* PBXTargetDependency */ = {
			isa = PBXTargetDependency;
			target = 052C1203E464266CC80407FB /* PurrfectFrame */;
			targetProxy = 1CE068AF41EF5E05A86ED77A /* PBXContainerItemProxy */;
		};
		BC2059D6159DD6D31AE2E4AA /* PBXTargetDependency */ = {
			isa = PBXTargetDependency;
			target = 052C1203E464266CC80407FB /* PurrfectFrame */;
			targetProxy = AF6B2843E05D6DA24F0DF2CB /* PBXContainerItemProxy */;
		};
/* End PBXTargetDependency section */

/* Begin XCBuildConfiguration section */
		012D2026EEC3DBCBC8F26BD3 /* Debug */ = {
			isa = XCBuildConfiguration;
			buildSettings = {
				ALWAYS_SEARCH_USER_PATHS = NO;
				CLANG_ANALYZER_NONNULL = YES;
				CLANG_ANALYZER_NUMBER_OBJECT_CONVERSION = YES_AGGRESSIVE;
				CLANG_CXX_LANGUAGE_STANDARD = "gnu++14";
				CLANG_CXX_LIBRARY = "libc++";
				CLANG_ENABLE_MODULES = YES;
				CLANG_ENABLE_OBJC_ARC = YES;
				CLANG_ENABLE_OBJC_WEAK = YES;
				CLANG_WARN_BLOCK_CAPTURE_AUTORELEASING = YES;
				CLANG_WARN_BOOL_CONVERSION = YES;
				CLANG_WARN_COMMA = YES;
				CLANG_WARN_CONSTANT_CONVERSION = YES;
				CLANG_WARN_DEPRECATED_OBJC_IMPLEMENTATIONS = YES;
				CLANG_WARN_DIRECT_OBJC_ISA_USAGE = YES_ERROR;
				CLANG_WARN_DOCUMENTATION_COMMENTS = YES;
				CLANG_WARN_EMPTY_BODY = YES;
				CLANG_WARN_ENUM_CONVERSION = YES;
				CLANG_WARN_INFINITE_RECURSION = YES;
				CLANG_WARN_INT_CONVERSION = YES;
				CLANG_WARN_NON_LITERAL_NULL_CONVERSION = YES;
				CLANG_WARN_OBJC_IMPLICIT_RETAIN_SELF = YES;
				CLANG_WARN_OBJC_LITERAL_CONVERSION = YES;
				CLANG_WARN_OBJC_ROOT_CLASS = YES_ERROR;
				CLANG_WARN_QUOTED_INCLUDE_IN_FRAMEWORK_HEADER = YES;
				CLANG_WARN_RANGE_LOOP_ANALYSIS = YES;
				CLANG_WARN_STRICT_PROTOTYPES = YES;
				CLANG_WARN_SUSPICIOUS_MOVE = YES;
				CLANG_WARN_UNGUARDED_AVAILABILITY = YES_AGGRESSIVE;
				CLANG_WARN_UNREACHABLE_CODE = YES;
				CLANG_WARN__DUPLICATE_METHOD_MATCH = YES;
				COPY_PHASE_STRIP = NO;
				CURRENT_PROJECT_VERSION = 1;
				DEBUG_INFORMATION_FORMAT = dwarf;
				DEVELOPMENT_TEAM = XMS5ZC28UJ;
				ENABLE_STRICT_OBJC_MSGSEND = YES;
				ENABLE_TESTABILITY = YES;
				ENABLE_USER_SCRIPT_SANDBOXING = YES;
				GCC_C_LANGUAGE_STANDARD = gnu11;
				GCC_DYNAMIC_NO_PIC = NO;
				GCC_NO_COMMON_BLOCKS = YES;
				GCC_OPTIMIZATION_LEVEL = 0;
				GCC_PREPROCESSOR_DEFINITIONS = (
					"$(inherited)",
					"DEBUG=1",
				);
				GCC_WARN_64_TO_32_BIT_CONVERSION = YES;
				GCC_WARN_ABOUT_RETURN_TYPE = YES_ERROR;
				GCC_WARN_UNDECLARED_SELECTOR = YES;
				GCC_WARN_UNINITIALIZED_AUTOS = YES_AGGRESSIVE;
				GCC_WARN_UNUSED_FUNCTION = YES;
				GCC_WARN_UNUSED_VARIABLE = YES;
				IPHONEOS_DEPLOYMENT_TARGET = 18.0;
				MARKETING_VERSION = 1.0.0;
				MTL_ENABLE_DEBUG_INFO = INCLUDE_SOURCE;
				MTL_FAST_MATH = YES;
				ONLY_ACTIVE_ARCH = YES;
				PRODUCT_NAME = "$(TARGET_NAME)";
				SDKROOT = iphoneos;
				SUPPORTS_MACCATALYST = NO;
				SWIFT_ACTIVE_COMPILATION_CONDITIONS = DEBUG;
				SWIFT_OPTIMIZATION_LEVEL = "-Onone";
				SWIFT_VERSION = 6.0;
				TARGETED_DEVICE_FAMILY = "1,2";
			};
			name = Debug;
		};
		23906F819CF010CFEAE5532D /* Debug */ = {
			isa = XCBuildConfiguration;
			buildSettings = {
				BUNDLE_LOADER = "$(TEST_HOST)";
				GENERATE_INFOPLIST_FILE = YES;
				LD_RUNPATH_SEARCH_PATHS = (
					"$(inherited)",
					"@executable_path/Frameworks",
					"@loader_path/Frameworks",
				);
				PRODUCT_BUNDLE_IDENTIFIER = com.sergiiziborov.purrfectframe.uitests;
				SDKROOT = iphoneos;
				TARGETED_DEVICE_FAMILY = "1,2";
				TEST_TARGET_NAME = PurrfectFrame;
			};
			name = Debug;
		};
		253649ECDD63E2D3CE44327D /* Release */ = {
			isa = XCBuildConfiguration;
			buildSettings = {
				ASSETCATALOG_COMPILER_APPICON_NAME = AppIcon;
				ASSETCATALOG_COMPILER_GLOBAL_ACCENT_COLOR_NAME = AccentColor;
				CODE_SIGN_ENTITLEMENTS = PurrfectFrame/PurrfectFrame.entitlements;
				CODE_SIGN_IDENTITY = "iPhone Developer";
				GENERATE_INFOPLIST_FILE = YES;
				INFOPLIST_KEY_CFBundleDevelopmentRegion = en;
				INFOPLIST_KEY_CFBundleDisplayName = "Purrfect Frame";
				INFOPLIST_KEY_ITSAppUsesNonExemptEncryption = NO;
				INFOPLIST_KEY_LSApplicationCategoryType = "public.app-category.games";
				INFOPLIST_KEY_NSPhotoLibraryAddUsageDescription = "Purrfect Frame saves the shot you just took to your photo library when you choose Save to Photos.";
				INFOPLIST_KEY_UIApplicationSceneManifest_Generation = YES;
				INFOPLIST_KEY_UIApplicationSupportsIndirectInputEvents = YES;
				INFOPLIST_KEY_UILaunchScreen_BackgroundColor = creamBackground;
				INFOPLIST_KEY_UILaunchScreen_Generation = YES;
				INFOPLIST_KEY_UISupportedInterfaceOrientations = UIInterfaceOrientationPortrait;
				INFOPLIST_KEY_UISupportedInterfaceOrientations_iPad = "UIInterfaceOrientationPortrait UIInterfaceOrientationPortraitUpsideDown UIInterfaceOrientationLandscapeLeft UIInterfaceOrientationLandscapeRight";
				LD_RUNPATH_SEARCH_PATHS = (
					"$(inherited)",
					"@executable_path/Frameworks",
				);
				PRODUCT_BUNDLE_IDENTIFIER = com.sergiiziborov.purrfectframe;
				PRODUCT_NAME = PurrfectFrame;
				SDKROOT = iphoneos;
				SWIFT_STRICT_CONCURRENCY = complete;
				TARGETED_DEVICE_FAMILY = "1,2";
			};
			name = Release;
		};
		36D9AEA63FB68268ED44CC8A /* Debug */ = {
			isa = XCBuildConfiguration;
			buildSettings = {
				BUNDLE_LOADER = "$(TEST_HOST)";
				GENERATE_INFOPLIST_FILE = YES;
				LD_RUNPATH_SEARCH_PATHS = (
					"$(inherited)",
					"@executable_path/Frameworks",
					"@loader_path/Frameworks",
				);
				PRODUCT_BUNDLE_IDENTIFIER = com.sergiiziborov.purrfectframe.tests;
				SDKROOT = iphoneos;
				TARGETED_DEVICE_FAMILY = "1,2";
				TEST_HOST = "$(BUILT_PRODUCTS_DIR)/PurrfectFrame.app/PurrfectFrame";
			};
			name = Debug;
		};
		6ECC452A24C1C5BFF135653A /* Release */ = {
			isa = XCBuildConfiguration;
			buildSettings = {
				BUNDLE_LOADER = "$(TEST_HOST)";
				GENERATE_INFOPLIST_FILE = YES;
				LD_RUNPATH_SEARCH_PATHS = (
					"$(inherited)",
					"@executable_path/Frameworks",
					"@loader_path/Frameworks",
				);
				PRODUCT_BUNDLE_IDENTIFIER = com.sergiiziborov.purrfectframe.tests;
				SDKROOT = iphoneos;
				TARGETED_DEVICE_FAMILY = "1,2";
				TEST_HOST = "$(BUILT_PRODUCTS_DIR)/PurrfectFrame.app/PurrfectFrame";
			};
			name = Release;
		};
		7FEE7CBCB4FD30F6FE4B0FF1 /* Release */ = {
			isa = XCBuildConfiguration;
			buildSettings = {
				BUNDLE_LOADER = "$(TEST_HOST)";
				GENERATE_INFOPLIST_FILE = YES;
				LD_RUNPATH_SEARCH_PATHS = (
					"$(inherited)",
					"@executable_path/Frameworks",
					"@loader_path/Frameworks",
				);
				PRODUCT_BUNDLE_IDENTIFIER = com.sergiiziborov.purrfectframe.uitests;
				SDKROOT = iphoneos;
				TARGETED_DEVICE_FAMILY = "1,2";
				TEST_TARGET_NAME = PurrfectFrame;
			};
			name = Release;
		};
		AB07EF62A651FDFF5964177F /* Debug */ = {
			isa = XCBuildConfiguration;
			buildSettings = {
				ASSETCATALOG_COMPILER_APPICON_NAME = AppIcon;
				ASSETCATALOG_COMPILER_GLOBAL_ACCENT_COLOR_NAME = AccentColor;
				CODE_SIGN_ENTITLEMENTS = PurrfectFrame/PurrfectFrame.entitlements;
				CODE_SIGN_IDENTITY = "iPhone Developer";
				GENERATE_INFOPLIST_FILE = YES;
				INFOPLIST_KEY_CFBundleDevelopmentRegion = en;
				INFOPLIST_KEY_CFBundleDisplayName = "Purrfect Frame";
				INFOPLIST_KEY_ITSAppUsesNonExemptEncryption = NO;
				INFOPLIST_KEY_LSApplicationCategoryType = "public.app-category.games";
				INFOPLIST_KEY_NSPhotoLibraryAddUsageDescription = "Purrfect Frame saves the shot you just took to your photo library when you choose Save to Photos.";
				INFOPLIST_KEY_UIApplicationSceneManifest_Generation = YES;
				INFOPLIST_KEY_UIApplicationSupportsIndirectInputEvents = YES;
				INFOPLIST_KEY_UILaunchScreen_BackgroundColor = creamBackground;
				INFOPLIST_KEY_UILaunchScreen_Generation = YES;
				INFOPLIST_KEY_UISupportedInterfaceOrientations = UIInterfaceOrientationPortrait;
				INFOPLIST_KEY_UISupportedInterfaceOrientations_iPad = "UIInterfaceOrientationPortrait UIInterfaceOrientationPortraitUpsideDown UIInterfaceOrientationLandscapeLeft UIInterfaceOrientationLandscapeRight";
				LD_RUNPATH_SEARCH_PATHS = (
					"$(inherited)",
					"@executable_path/Frameworks",
				);
				PRODUCT_BUNDLE_IDENTIFIER = com.sergiiziborov.purrfectframe;
				PRODUCT_NAME = PurrfectFrame;
				SDKROOT = iphoneos;
				SWIFT_STRICT_CONCURRENCY = complete;
				TARGETED_DEVICE_FAMILY = "1,2";
			};
			name = Debug;
		};
		BC602A30F6C1188553EF3CB6 /* Release */ = {
			isa = XCBuildConfiguration;
			buildSettings = {
				ALWAYS_SEARCH_USER_PATHS = NO;
				CLANG_ANALYZER_NONNULL = YES;
				CLANG_ANALYZER_NUMBER_OBJECT_CONVERSION = YES_AGGRESSIVE;
				CLANG_CXX_LANGUAGE_STANDARD = "gnu++14";
				CLANG_CXX_LIBRARY = "libc++";
				CLANG_ENABLE_MODULES = YES;
				CLANG_ENABLE_OBJC_ARC = YES;
				CLANG_ENABLE_OBJC_WEAK = YES;
				CLANG_WARN_BLOCK_CAPTURE_AUTORELEASING = YES;
				CLANG_WARN_BOOL_CONVERSION = YES;
				CLANG_WARN_COMMA = YES;
				CLANG_WARN_CONSTANT_CONVERSION = YES;
				CLANG_WARN_DEPRECATED_OBJC_IMPLEMENTATIONS = YES;
				CLANG_WARN_DIRECT_OBJC_ISA_USAGE = YES_ERROR;
				CLANG_WARN_DOCUMENTATION_COMMENTS = YES;
				CLANG_WARN_EMPTY_BODY = YES;
				CLANG_WARN_ENUM_CONVERSION = YES;
				CLANG_WARN_INFINITE_RECURSION = YES;
				CLANG_WARN_INT_CONVERSION = YES;
				CLANG_WARN_NON_LITERAL_NULL_CONVERSION = YES;
				CLANG_WARN_OBJC_IMPLICIT_RETAIN_SELF = YES;
				CLANG_WARN_OBJC_LITERAL_CONVERSION = YES;
				CLANG_WARN_OBJC_ROOT_CLASS = YES_ERROR;
				CLANG_WARN_QUOTED_INCLUDE_IN_FRAMEWORK_HEADER = YES;
				CLANG_WARN_RANGE_LOOP_ANALYSIS = YES;
				CLANG_WARN_STRICT_PROTOTYPES = YES;
				CLANG_WARN_SUSPICIOUS_MOVE = YES;
				CLANG_WARN_UNGUARDED_AVAILABILITY = YES_AGGRESSIVE;
				CLANG_WARN_UNREACHABLE_CODE = YES;
				CLANG_WARN__DUPLICATE_METHOD_MATCH = YES;
				COPY_PHASE_STRIP = NO;
				CURRENT_PROJECT_VERSION = 1;
				DEBUG_INFORMATION_FORMAT = "dwarf-with-dsym";
				DEVELOPMENT_TEAM = XMS5ZC28UJ;
				ENABLE_NS_ASSERTIONS = NO;
				ENABLE_STRICT_OBJC_MSGSEND = YES;
				ENABLE_USER_SCRIPT_SANDBOXING = YES;
				GCC_C_LANGUAGE_STANDARD = gnu11;
				GCC_NO_COMMON_BLOCKS = YES;
				GCC_WARN_64_TO_32_BIT_CONVERSION = YES;
				GCC_WARN_ABOUT_RETURN_TYPE = YES_ERROR;
				GCC_WARN_UNDECLARED_SELECTOR = YES;
				GCC_WARN_UNINITIALIZED_AUTOS = YES_AGGRESSIVE;
				GCC_WARN_UNUSED_FUNCTION = YES;
				GCC_WARN_UNUSED_VARIABLE = YES;
				IPHONEOS_DEPLOYMENT_TARGET = 18.0;
				MARKETING_VERSION = 1.0.0;
				MTL_ENABLE_DEBUG_INFO = NO;
				MTL_FAST_MATH = YES;
				PRODUCT_NAME = "$(TARGET_NAME)";
				SDKROOT = iphoneos;
				SUPPORTS_MACCATALYST = NO;
				SWIFT_COMPILATION_MODE = wholemodule;
				SWIFT_OPTIMIZATION_LEVEL = "-O";
				SWIFT_VERSION = 6.0;
				TARGETED_DEVICE_FAMILY = "1,2";
			};
			name = Release;
		};
/* End XCBuildConfiguration section */

/* Begin XCConfigurationList section */
		15708E90444B73DE39BEC89B /* Build configuration list for PBXNativeTarget "PurrfectFrame" */ = {
			isa = XCConfigurationList;
			buildConfigurations = (
				AB07EF62A651FDFF5964177F /* Debug */,
				253649ECDD63E2D3CE44327D /* Release */,
			);
			defaultConfigurationIsVisible = 0;
			defaultConfigurationName = Debug;
		};
		91828B960B4AA6C06ACC9ED3 /* Build configuration list for PBXProject "PurrfectFrame" */ = {
			isa = XCConfigurationList;
			buildConfigurations = (
				012D2026EEC3DBCBC8F26BD3 /* Debug */,
				BC602A30F6C1188553EF3CB6 /* Release */,
			);
			defaultConfigurationIsVisible = 0;
			defaultConfigurationName = Debug;
		};
		C716B38D0372686D210A9F96 /* Build configuration list for PBXNativeTarget "PurrfectFrameTests" */ = {
			isa = XCConfigurationList;
			buildConfigurations = (
				36D9AEA63FB68268ED44CC8A /* Debug */,
				6ECC452A24C1C5BFF135653A /* Release */,
			);
			defaultConfigurationIsVisible = 0;
			defaultConfigurationName = Debug;
		};
		D1C59EAE426AA0497C2B4E1F /* Build configuration list for PBXNativeTarget "PurrfectFrameUITests" */ = {
			isa = XCConfigurationList;
			buildConfigurations = (
				23906F819CF010CFEAE5532D /* Debug */,
				7FEE7CBCB4FD30F6FE4B0FF1 /* Release */,
			);
			defaultConfigurationIsVisible = 0;
			defaultConfigurationName = Debug;
		};
/* End XCConfigurationList section */
	};
	rootObject = C7401B7060C2AE42777FAEB5 /* Project object */;
}
